
Microsoft Visual Studio Solution File, Format Version 12.00
# Visual Studio Version 17
VisualStudioVersion = 17.9.34728.123
MinimumVisualStudioVersion = 10.0.40219.1
Project("{FAE04EC0-301F-11D3-BF4B-00C04F79EFBC}") = "Colegio", "Colegio.csproj", "{684A8403-8E6E-4251-9C45-A832165D3F33}"
EndProject
Global
	GlobalSection(SolutionConfigurationPlatforms) = preSolution
		Debug|Any CPU = Debug|Any CPU
		Release|Any CPU = Release|Any CPU
	EndGlobalSection
	GlobalSection(ProjectConfigurationPlatforms) = postSolution
		{684A8403-8E6E-4251-9C45-A832165D3F33}.Debug|Any CPU.ActiveCfg = Debug|Any CPU
		{684A8403-8E6E-4251-9C45-A832165D3F33}.Debug|Any CPU.Build.0 = Debug|Any CPU
		{684A8403-8E6E-4251-9C45-A832165D3F33}.Release|Any CPU.ActiveCfg = Release|Any CPU
		{684A8403-8E6E-4251-9C45-A832165D3F33}.Release|Any CPU.Build.0 = Release|Any CPU
	EndGlobalSection
	GlobalSection(SolutionProperties) = preSolution
		HideSolutionNode = FALSE
	EndGlobalSection
	GlobalSection(ExtensibilityGlobals) = postSolution
		SolutionGuid = {BAE7B9D2-E154-4757-B762-99ADB9AF5DDD}
	EndGlobalSection
EndGlobal
